// !$*UTF8*$!
{
	archiveVersion = 1;
	classes = {
	};
	objectVersion = 77;
	objects = {

/* Begin PBXContainerItemProxy section */
		427B677F2DBF906B00BAE3CE /* PBXContainerItemProxy */ = {
			isa = PBXContainerItemProxy;
			containerPortal = 427B675D2DBF906900BAE3CE /* Project object */;
			proxyType = 1;
			remoteGlobalIDString = 427B67642DBF906900BAE3CE;
			remoteInfo = ToDoZen24;
		};
		427B67892DBF906B00BAE3CE /* PBXContainerItemProxy */ = {
			isa = PBXContainerItemProxy;
			containerPortal = 427B675D2DBF906900BAE3CE /* Project object */;
			proxyType = 1;
			remoteGlobalIDString = 427B67642DBF906900BAE3CE;
			remoteInfo = ToDoZen24;
		};
/* End PBXContainerItemProxy section */

/* Begin PBXFileReference section */
		427B67652DBF906900BAE3CE /* ToDoZen24.app */ = {isa = PBXFileReference; explicitFileType = wrapper.application; includeInIndex = 0; path = ToDoZen24.app; sourceTree = BUILT_PRODUCTS_DIR; };
		427B677E2DBF906B00BAE3CE /* ToDoZen24Tests.xctest */ = {isa = PBXFileReference; explicitFileType = wrapper.cfbundle; includeInIndex = 0; path = ToDoZen24Tests.xctest; sourceTree = BUILT_PRODUCTS_DIR; };
		427B67882DBF906B00BAE3CE /* ToDoZen24UITests.xctest */ = {isa = PBXFileReference; explicitFileType = wrapper.cfbundle; includeInIndex = 0; path = ToDoZen24UITests.xctest; sourceTree = BUILT_PRODUCTS_DIR; };
/* End PBXFileReference section */

/* Begin PBXFileSystemSynchronizedBuildFileExceptionSet section */
		427B67902DBF906B00BAE3CE /* Exceptions for "ToDoZen24" folder in "ToDoZen24" target */ = {
			isa = PBXFileSystemSynchronizedBuildFileExceptionSet;
			membershipExceptions = (
				Info.plist,
			);
			target = 427B67642DBF906900BAE3CE /* ToDoZen24 */;
		};
/* End PBXFileSystemSynchronizedBuildFileExceptionSet section */

/* Begin PBXFileSystemSynchronizedRootGroup section */
		427B67672DBF906900BAE3CE /* ToDoZen24 */ = {
			isa = PBXFileSystemSynchronizedRootGroup;
			exceptions = (
				427B67902DBF906B00BAE3CE /* Exceptions for "ToDoZen24" folder in "ToDoZen24" target */,
			);
			path = ToDoZen24;
			sourceTree = "<group>";
		};
		427B67812DBF906B00BAE3CE /* ToDoZen24Tests */ = {
			isa = PBXFileSystemSynchronizedRootGroup;
			path = ToDoZen24Tests;
			sourceTree = "<group>";
		};
		427B678B2DBF906B00BAE3CE /* ToDoZen24UITests */ = {
			isa = PBXFileSystemSynchronizedRootGroup;
			path = ToDoZen24UITests;
			sourceTree = "<group>";
		};
/* End PBXFileSystemSynchronizedRootGroup section */

/* Begin PBXFrameworksBuildPhase section */
		427B67622DBF906900BAE3CE /* Frameworks */ = {
			isa = PBXFrameworksBuildPhase;
			buildActionMask = 2147483647;
			files = (
			);
			runOnlyForDeploymentPostprocessing = 0;
		};
		427B677B2DBF906B00BAE3CE /* Frameworks */ = {
			isa = PBXFrameworksBuildPhase;
			buildActionMask = 2147483647;
			files = (
			);
			runOnlyForDeploymentPostprocessing = 0;
		};
		427B67852DBF906B00BAE3CE /* Frameworks */ = {
			isa = PBXFrameworksBuildPhase;
			buildActionMask = 2147483647;
			files = (
			);
			runOnlyForDeploymentPostprocessing = 0;
		};
/* End PBXFrameworksBuildPhase section */

/* Begin PBXGroup section */
		427B675C2DBF906900BAE3CE = {
			isa = PBXGroup;
			children = (
				427B67672DBF906900BAE3CE /* ToDoZen24 */,
				427B67812DBF906B00BAE3CE /* ToDoZen24Tests */,
				427B678B2DBF906B00BAE3CE /* ToDoZen24UITests */,
				427B67662DBF906900BAE3CE /* Products */,
			);
			sourceTree = "<group>";
		};
		427B67662DBF906900BAE3CE /* Products */ = {
			isa = PBXGroup;
			children = (
				427B67652DBF906900BAE3CE /* ToDoZen24.app */,
				427B677E2DBF906B00BAE3CE /* ToDoZen24Tests.xctest */,
				427B67882DBF906B00BAE3CE /* ToDoZen24UITests.xctest */,
			);
			name = Products;
			sourceTree = "<group>";
		};
/* End PBXGroup section */

/* Begin PBXNativeTarget section */
		427B67642DBF906900BAE3CE /* ToDoZen24 */ = {
			isa = PBXNativeTarget;
			buildConfigurationList = 427B67912DBF906B00BAE3CE /* Build configuration list for PBXNativeTarget "ToDoZen24" */;
			buildPhases = (
				427B67612DBF906900BAE3CE /* Sources */,
				427B67622DBF906900BAE3CE /* Frameworks */,
				427B67632DBF906900BAE3CE /* Resources */,
			);
			buildRules = (
			);
			dependencies = (
			);
			fileSystemSynchronizedGroups = (
				427B67672DBF906900BAE3CE /* ToDoZen24 */,
			);
			name = ToDoZen24;
			packageProductDependencies = (
			);
			productName = ToDoZen24;
			productReference = 427B67652DBF906900BAE3CE /* ToDoZen24.app */;
			productType = "com.apple.product-type.application";
		};
		427B677D2DBF906B00BAE3CE /* ToDoZen24Tests */ = {
			isa = PBXNativeTarget;
			buildConfigurationList = 427B67962DBF906B00BAE3CE /* Build configuration list for PBXNativeTarget "ToDoZen24Tests" */;
			buildPhases = (
				427B677A2DBF906B00BAE3CE /* Sources */,
				427B677B2DBF906B00BAE3CE /* Frameworks */,
				427B677C2DBF906B00BAE3CE /* Resources */,
			);
			buildRules = (
			);
			dependencies = (
				427B67802DBF906B00BAE3CE /* PBXTargetDependency */,
			);
			fileSystemSynchronizedGroups = (
				427B67812DBF906B00BAE3CE /* ToDoZen24Tests */,
			);
			name = ToDoZen24Tests;
			packageProductDependencies = (
			);
			productName = ToDoZen24Tests;
			productReference = 427B677E2DBF906B00BAE3CE /* ToDoZen24Tests.xctest */;
			productType = "com.apple.product-type.bundle.unit-test";
		};
		427B67872DBF906B00BAE3CE /* ToDoZen24UITests */ = {
			isa = PBXNativeTarget;
			buildConfigurationList = 427B67992DBF906B00BAE3CE /* Build configuration list for PBXNativeTarget "ToDoZen24UITests" */;
			buildPhases = (
				427B67842DBF906B00BAE3CE /* Sources */,
				427B67852DBF906B00BAE3CE /* Frameworks */,
				427B67862DBF906B00BAE3CE /* Resources */,
			);
			buildRules = (
			);
			dependencies = (
				427B678A2DBF906B00BAE3CE /* PBXTargetDependency */,
			);
			fileSystemSynchronizedGroups = (
				427B678B2DBF906B00BAE3CE /* ToDoZen24UITests */,
			);
			name = ToDoZen24UITests;
			packageProductDependencies = (
			);
			productName = ToDoZen24UITests;
			productReference = 427B67882DBF906B00BAE3CE /* ToDoZen24UITests.xctest */;
			productType = "com.apple.product-type.bundle.ui-testing";
		};
/* End PBXNativeTarget section */

/* Begin PBXProject section */
		427B675D2DBF906900BAE3CE /* Project object */ = {
			isa = PBXProject;
			attributes = {
				BuildIndependentTargetsInParallel = 1;
				LastSwiftUpdateCheck = 1630;
				LastUpgradeCheck = 1630;
				TargetAttributes = {
					427B67642DBF906900BAE3CE = {
						CreatedOnToolsVersion = 16.3;
					};
					427B677D2DBF906B00BAE3CE = {
						CreatedOnToolsVersion = 16.3;
						TestTargetID = 427B67642DBF906900BAE3CE;
					};
					427B67872DBF906B00BAE3CE = {
						CreatedOnToolsVersion = 16.3;
						TestTargetID = 427B67642DBF906900BAE3CE;
					};
				};
			};
			buildConfigurationList = 427B67602DBF906900BAE3CE /* Build configuration list for PBXProject "ToDoZen24" */;
			developmentRegion = en;
			hasScannedForEncodings = 0;
			knownRegions = (
				en,
				Base,
			);
			mainGroup = 427B675C2DBF906900BAE3CE;
			minimizedProjectReferenceProxies = 1;
			packageReferences = (
				428B0FA92DCA46E100781EAC /* XCRemoteSwiftPackageReference "FSCalendar" */,
			);
			preferredProjectObjectVersion = 77;
			productRefGroup = 427B67662DBF906900BAE3CE /* Products */;
			projectDirPath = "";
			projectRoot = "";
			targets = (
				427B67642DBF906900BAE3CE /* ToDoZen24 */,
				427B677D2DBF906B00BAE3CE /* ToDoZen24Tests */,
				427B67872DBF906B00BAE3CE /* ToDoZen24UITests */,
			);
		};
/* End PBXProject section */

/* Begin PBXResourcesBuildPhase section */
		427B67632DBF906900BAE3CE /* Resources */ = {
			isa = PBXResourcesBuildPhase;
			buildActionMask = 2147483647;
			files = (
			);
			runOnlyForDeploymentPostprocessing = 0;
		};
		427B677C2DBF906B00BAE3CE /* Resources */ = {
			isa = PBXResourcesBuildPhase;
			buildActionMask = 2147483647;
			files = (
			);
			runOnlyForDeploymentPostprocessing = 0;
		};
		427B67862DBF906B00BAE3CE /* Resources */ = {
			isa = PBXResourcesBuildPhase;
			buildActionMask = 2147483647;
			files = (
			);
			runOnlyForDeploymentPostprocessing = 0;
		};
/* End PBXResourcesBuildPhase section */

/* Begin PBXSourcesBuildPhase section */
		427B67612DBF906900BAE3CE /* Sources */ = {
			isa = PBXSourcesBuildPhase;
			buildActionMask = 2147483647;
			files = (
			);
			runOnlyForDeploymentPostprocessing = 0;
		};
		427B677A2DBF906B00BAE3CE /* Sources */ = {
			isa = PBXSourcesBuildPhase;
			buildActionMask = 2147483647;
			files = (
			);
			runOnlyForDeploymentPostprocessing = 0;
		};
		427B67842DBF906B00BAE3CE /* Sources */ = {
			isa = PBXSourcesBuildPhase;
			buildActionMask = 2147483647;
			files = (
			);
			runOnlyForDeploymentPostprocessing = 0;
		};
/* End PBXSourcesBuildPhase section */

/* Begin PBXTargetDependency section */
		427B67802DBF906B00BAE3CE /* PBXTargetDependency */ = {
			isa = PBXTargetDependency;
			target = 427B67642DBF906900BAE3CE /* ToDoZen24 */;
			targetProxy = 427B677F2DBF906B00BAE3CE /* PBXContainerItemProxy */;
		};
		427B678A2DBF906B00BAE3CE /* PBXTargetDependency */ = {
			isa = PBXTargetDependency;
			target = 427B67642DBF906900BAE3CE /* ToDoZen24 */;
			targetProxy = 427B67892DBF906B00BAE3CE /* PBXContainerItemProxy */;
		};
/* End PBXTargetDependency section */

/* Begin XCBuildConfiguration section */
		427B67922DBF906B00BAE3CE /* Debug */ = {
			isa = XCBuildConfiguration;
			buildSettings = {
				ASSETCATALOG_COMPILER_APPICON_NAME = AppIcon;
				ASSETCATALOG_COMPILER_GLOBAL_ACCENT_COLOR_NAME = AccentColor;
				CODE_SIGN_STYLE = Automatic;
				CURRENT_PROJECT_VERSION = 1;
				GENERATE_INFOPLIST_FILE = YES;
				INFOPLIST_FILE = ToDoZen24/Info.plist;
				INFOPLIST_KEY_UIApplicationSupportsIndirectInputEvents = YES;
				INFOPLIST_KEY_UILaunchStoryboardName = LaunchScreen;
				INFOPLIST_KEY_UIMainStoryboardFile = Main;
				INFOPLIST_KEY_UISupportedInterfaceOrientations = "UIInterfaceOrientationLandscapeLeft UIInterfaceOrientationLandscapeRight UIInterfaceOrientationPortrait UIInterfaceOrientationPortraitUpsideDown";
				LD_RUNPATH_SEARCH_PATHS = (
					"$(inherited)",
					"@executable_path/Frameworks",
				);
				MARKETING_VERSION = 1.0;
				PRODUCT_BUNDLE_IDENTIFIER = TW.ToDoZen24;
				PRODUCT_NAME = "$(TARGET_NAME)";
				SWIFT_EMIT_LOC_STRINGS = YES;
				SWIFT_VERSION = 5.0;
				TARGETED_DEVICE_FAMILY = "1,2";
			};
			name = Debug;
		};
		427B67932DBF906B00BAE3CE /* Release */ = {
			isa = XCBuildConfiguration;
			buildSettings = {
				ASSETCATALOG_COMPILER_APPICON_NAME = AppIcon;
				ASSETCATALOG_COMPILER_GLOBAL_ACCENT_COLOR_NAME = AccentColor;
				CODE_SIGN_STYLE = Automatic;
				CURRENT_PROJECT_VERSION = 1;
				GENERATE_INFOPLIST_FILE = YES;
				INFOPLIST_FILE = ToDoZen24/Info.plist;
				INFOPLIST_KEY_UIApplicationSupportsIndirectInputEvents = YES;
				INFOPLIST_KEY_UILaunchStoryboardName = LaunchScreen;
				INFOPLIST_KEY_UIMainStoryboardFile = Main;
				INFOPLIST_KEY_UISupportedInterfaceOrientations = "UIInterfaceOrientationLandscapeLeft UIInterfaceOrientationLandscapeRight UIInterfaceOrientationPortrait UIInterfaceOrientationPortraitUpsideDown";
				LD_RUNPATH_SEARCH_PATHS = (
					"$(inherited)",
					"@executable_path/Frameworks",
				);
				MARKETING_VERSION = 1.0;
				PRODUCT_BUNDLE_IDENTIFIER = TW.ToDoZen24;
				PRODUCT_NAME = "$(TARGET_NAME)";
				SWIFT_EMIT_LOC_STRINGS = YES;
				SWIFT_VERSION = 5.0;
				TARGETED_DEVICE_FAMILY = "1,2";
			};
			name = Release;
		};
		427B67942DBF906B00BAE3CE /* Debug */ = {
			isa = XCBuildConfiguration;
			buildSettings = {
				ALWAYS_SEARCH_USER_PATHS = NO;
				ASSETCATALOG_COMPILER_GENERATE_SWIFT_ASSET_SYMBOL_EXTENSIONS = YES;
				CLANG_ANALYZER_NONNULL = YES;
				CLANG_ANALYZER_NUMBER_OBJECT_CONVERSION = YES_AGGRESSIVE;
				CLANG_CXX_LANGUAGE_STANDARD = "gnu++20";
				CLANG_ENABLE_MODULES = YES;
				CLANG_ENABLE_OBJC_ARC = YES;
				CLANG_ENABLE_OBJC_WEAK = YES;
				CLANG_WARN_BLOCK_CAPTURE_AUTORELEASING = YES;
				CLANG_WARN_BOOL_CONVERSION = YES;
				CLANG_WARN_COMMA = YES;
				CLANG_WARN_CONSTANT_CONVERSION = YES;
				CLANG_WARN_DEPRECATED_OBJC_IMPLEMENTATIONS = YES;
				CLANG_WARN_DIRECT_OBJC_ISA_USAGE = YES_ERROR;
				CLANG_WARN_DOCUMENTATION_COMMENTS = YES;
				CLANG_WARN_EMPTY_BODY = YES;
				CLANG_WARN_ENUM_CONVERSION = YES;
				CLANG_WARN_INFINITE_RECURSION = YES;
				CLANG_WARN_INT_CONVERSION = YES;
				CLANG_WARN_NON_LITERAL_NULL_CONVERSION = YES;
				CLANG_WARN_OBJC_IMPLICIT_RETAIN_SELF = YES;
				CLANG_WARN_OBJC_LITERAL_CONVERSION = YES;
				CLANG_WARN_OBJC_ROOT_CLASS = YES_ERROR;
				CLANG_WARN_QUOTED_INCLUDE_IN_FRAMEWORK_HEADER = YES;
				CLANG_WARN_RANGE_LOOP_ANALYSIS = YES;
				CLANG_WARN_STRICT_PROTOTYPES = YES;
				CLANG_WARN_SUSPICIOUS_MOVE = YES;
				CLANG_WARN_UNGUARDED_AVAILABILITY = YES_AGGRESSIVE;
				CLANG_WARN_UNREACHABLE_CODE = YES;
				CLANG_WARN__DUPLICATE_METHOD_MATCH = YES;
				COPY_PHASE_STRIP = NO;
				DEBUG_INFORMATION_FORMAT = dwarf;
				ENABLE_STRICT_OBJC_MSGSEND = YES;
				ENABLE_TESTABILITY = YES;
				ENABLE_USER_SCRIPT_SANDBOXING = YES;
				GCC_C_LANGUAGE_STANDARD = gnu17;
				GCC_DYNAMIC_NO_PIC = NO;
				GCC_NO_COMMON_BLOCKS = YES;
				GCC_OPTIMIZATION_LEVEL = 0;
				GCC_PREPROCESSOR_DEFINITIONS = (
					"DEBUG=1",
					"$(inherited)",
				);
				GCC_WARN_64_TO_32_BIT_CONVERSION = YES;
				GCC_WARN_ABOUT_RETURN_TYPE = YES_ERROR;
				GCC_WARN_UNDECLARED_SELECTOR = YES;
				GCC_WARN_UNINITIALIZED_AUTOS = YES_AGGRESSIVE;
				GCC_WARN_UNUSED_FUNCTION = YES;
				GCC_WARN_UNUSED_VARIABLE = YES;
				IPHONEOS_DEPLOYMENT_TARGET = 18.4;
				LOCALIZATION_PREFERS_STRING_CATALOGS = YES;
				MTL_ENABLE_DEBUG_INFO = INCLUDE_SOURCE;
				MTL_FAST_MATH = YES;
				ONLY_ACTIVE_ARCH = YES;
				SDKROOT = iphoneos;
				SWIFT_ACTIVE_COMPILATION_CONDITIONS = "DEBUG $(inherited)";
				SWIFT_OPTIMIZATION_LEVEL = "-Onone";
			};
			name = Debug;
		};
		427B67952DBF906B00BAE3CE /* Release */ = {
			isa = XCBuildConfiguration;
			buildSettings = {
				ALWAYS_SEARCH_USER_PATHS = NO;
				ASSETCATALOG_COMPILER_GENERATE_SWIFT_ASSET_SYMBOL_EXTENSIONS = YES;
				CLANG_ANALYZER_NONNULL = YES;
				CLANG_ANALYZER_NUMBER_OBJECT_CONVERSION = YES_AGGRESSIVE;
				CLANG_CXX_LANGUAGE_STANDARD = "gnu++20";
				CLANG_ENABLE_MODULES = YES;
				CLANG_ENABLE_OBJC_ARC = YES;
				CLANG_ENABLE_OBJC_WEAK = YES;
				CLANG_WARN_BLOCK_CAPTURE_AUTORELEASING = YES;
				CLANG_WARN_BOOL_CONVERSION = YES;
				CLANG_WARN_COMMA = YES;
				CLANG_WARN_CONSTANT_CONVERSION = YES;
				CLANG_WARN_DEPRECATED_OBJC_IMPLEMENTATIONS = YES;
				CLANG_WARN_DIRECT_OBJC_ISA_USAGE = YES_ERROR;
				CLANG_WARN_DOCUMENTATION_COMMENTS = YES;
				CLANG_WARN_EMPTY_BODY = YES;
				CLANG_WARN_ENUM_CONVERSION = YES;
				CLANG_WARN_INFINITE_RECURSION = YES;
				CLANG_WARN_INT_CONVERSION = YES;
				CLANG_WARN_NON_LITERAL_NULL_CONVERSION = YES;
				CLANG_WARN_OBJC_IMPLICIT_RETAIN_SELF = YES;
				CLANG_WARN_OBJC_LITERAL_CONVERSION = YES;
				CLANG_WARN_OBJC_ROOT_CLASS = YES_ERROR;
				CLANG_WARN_QUOTED_INCLUDE_IN_FRAMEWORK_HEADER = YES;
				CLANG_WARN_RANGE_LOOP_ANALYSIS = YES;
				CLANG_WARN_STRICT_PROTOTYPES = YES;
				CLANG_WARN_SUSPICIOUS_MOVE = YES;
				CLANG_WARN_UNGUARDED_AVAILABILITY = YES_AGGRESSIVE;
				CLANG_WARN_UNREACHABLE_CODE = YES;
				CLANG_WARN__DUPLICATE_METHOD_MATCH = YES;
				COPY_PHASE_STRIP = NO;
				DEBUG_INFORMATION_FORMAT = "dwarf-with-dsym";
				ENABLE_NS_ASSERTIONS = NO;
				ENABLE_STRICT_OBJC_MSGSEND = YES;
				ENABLE_USER_SCRIPT_SANDBOXING = YES;
				GCC_C_LANGUAGE_STANDARD = gnu17;
				GCC_NO_COMMON_BLOCKS = YES;
				GCC_WARN_64_TO_32_BIT_CONVERSION = YES;
				GCC_WARN_ABOUT_RETURN_TYPE = YES_ERROR;
				GCC_WARN_UNDECLARED_SELECTOR = YES;
				GCC_WARN_UNINITIALIZED_AUTOS = YES_AGGRESSIVE;
				GCC_WARN_UNUSED_FUNCTION = YES;
				GCC_WARN_UNUSED_VARIABLE = YES;
				IPHONEOS_DEPLOYMENT_TARGET = 18.4;
				LOCALIZATION_PREFERS_STRING_CATALOGS = YES;
				MTL_ENABLE_DEBUG_INFO = NO;
				MTL_FAST_MATH = YES;
				SDKROOT = iphoneos;
				SWIFT_COMPILATION_MODE = wholemodule;
				VALIDATE_PRODUCT = YES;
			};
			name = Release;
		};
		427B67972DBF906B00BAE3CE /* Debug */ = {
			isa = XCBuildConfiguration;
			buildSettings = {
				BUNDLE_LOADER = "$(TEST_HOST)";
				CODE_SIGN_STYLE = Automatic;
				CURRENT_PROJECT_VERSION = 1;
				GENERATE_INFOPLIST_FILE = YES;
				IPHONEOS_DEPLOYMENT_TARGET = 18.4;
				MARKETING_VERSION = 1.0;
				PRODUCT_BUNDLE_IDENTIFIER = TW.ToDoZen24Tests;
				PRODUCT_NAME = "$(TARGET_NAME)";
				SWIFT_EMIT_LOC_STRINGS = NO;
				SWIFT_VERSION = 5.0;
				TARGETED_DEVICE_FAMILY = "1,2";
				TEST_HOST = "$(BUILT_PRODUCTS_DIR)/ToDoZen24.app/$(BUNDLE_EXECUTABLE_FOLDER_PATH)/ToDoZen24";
			};
			name = Debug;
		};
		427B67982DBF906B00BAE3CE /* Release */ = {
			isa = XCBuildConfiguration;
			buildSettings = {
				BUNDLE_LOADER = "$(TEST_HOST)";
				CODE_SIGN_STYLE = Automatic;
				CURRENT_PROJECT_VERSION = 1;
				GENERATE_INFOPLIST_FILE = YES;
				IPHONEOS_DEPLOYMENT_TARGET = 18.4;
				MARKETING_VERSION = 1.0;
				PRODUCT_BUNDLE_IDENTIFIER = TW.ToDoZen24Tests;
				PRODUCT_NAME = "$(TARGET_NAME)";
				SWIFT_EMIT_LOC_STRINGS = NO;
				SWIFT_VERSION = 5.0;
				TARGETED_DEVICE_FAMILY = "1,2";
				TEST_HOST = "$(BUILT_PRODUCTS_DIR)/ToDoZen24.app/$(BUNDLE_EXECUTABLE_FOLDER_PATH)/ToDoZen24";
			};
			name = Release;
		};
		427B679A2DBF906B00BAE3CE /* Debug */ = {
			isa = XCBuildConfiguration;
			buildSettings = {
				CODE_SIGN_STYLE = Automatic;
				CURRENT_PROJECT_VERSION = 1;
				GENERATE_INFOPLIST_FILE = YES;
				MARKETING_VERSION = 1.0;
				PRODUCT_BUNDLE_IDENTIFIER = TW.ToDoZen24UITests;
				PRODUCT_NAME = "$(TARGET_NAME)";
				SWIFT_EMIT_LOC_STRINGS = NO;
				SWIFT_VERSION = 5.0;
				TARGETED_DEVICE_FAMILY = "1,2";
				TEST_TARGET_NAME = ToDoZen24;
			};
			name = Debug;
		};
		427B679B2DBF906B00BAE3CE /* Release */ = {
			isa = XCBuildConfiguration;
			buildSettings = {
				CODE_SIGN_STYLE = Automatic;
				CURRENT_PROJECT_VERSION = 1;
				GENERATE_INFOPLIST_FILE = YES;
				MARKETING_VERSION = 1.0;
				PRODUCT_BUNDLE_IDENTIFIER = TW.ToDoZen24UITests;
				PRODUCT_NAME = "$(TARGET_NAME)";
				SWIFT_EMIT_LOC_STRINGS = NO;
				SWIFT_VERSION = 5.0;
				TARGETED_DEVICE_FAMILY = "1,2";
				TEST_TARGET_NAME = ToDoZen24;
			};
			name = Release;
		};
/* End XCBuildConfiguration section */

/* Begin XCConfigurationList section */
		427B67602DBF906900BAE3CE /* Build configuration list for PBXProject "ToDoZen24" */ = {
			isa = XCConfigurationList;
			buildConfigurations = (
				427B67942DBF906B00BAE3CE /* Debug */,
				427B67952DBF906B00BAE3CE /* Release */,
			);
			defaultConfigurationIsVisible = 0;
			defaultConfigurationName = Release;
		};
		427B67912DBF906B00BAE3CE /* Build configuration list for PBXNativeTarget "ToDoZen24" */ = {
			isa = XCConfigurationList;
			buildConfigurations = (
				427B67922DBF906B00BAE3CE /* Debug */,
				427B67932DBF906B00BAE3CE /* Release */,
			);
			defaultConfigurationIsVisible = 0;
			defaultConfigurationName = Release;
		};
		427B67962DBF906B00BAE3CE /* Build configuration list for PBXNativeTarget "ToDoZen24Tests" */ = {
			isa = XCConfigurationList;
			buildConfigurations = (
				427B67972DBF906B00BAE3CE /* Debug */,
				427B67982DBF906B00BAE3CE /* Release */,
			);
			defaultConfigurationIsVisible = 0;
			defaultConfigurationName = Release;
		};
		427B67992DBF906B00BAE3CE /* Build configuration list for PBXNativeTarget "ToDoZen24UITests" */ = {
			isa = XCConfigurationList;
			buildConfigurations = (
				427B679A2DBF906B00BAE3CE /* Debug */,
				427B679B2DBF906B00BAE3CE /* Release */,
			);
			defaultConfigurationIsVisible = 0;
			defaultConfigurationName = Release;
		};
/* End XCConfigurationList section */

/* Begin XCRemoteSwiftPackageReference section */
		428B0FA92DCA46E100781EAC /* XCRemoteSwiftPackageReference "FSCalendar" */ = {
			isa = XCRemoteSwiftPackageReference;
			repositoryURL = "https://github.com/WenchaoD/FSCalendar.git";
			requirement = {
				kind = upToNextMajorVersion;
				minimumVersion = 2.8.4;
			};
		};
/* End XCRemoteSwiftPackageReference section */
	};
	rootObject = 427B675D2DBF906900BAE3CE /* Project object */;
}
